
Microsoft Visual Studio Solution File, Format Version 12.00
# Visual Studio Version 17
VisualStudioVersion = 17.4.33122.133
MinimumVisualStudioVersion = 10.0.40219.1
Project("{FAE04EC0-301F-11D3-BF4B-00C04F79EFBC}") = "optimizer", "optimizer\optimizer.csproj", "{5BE43021-6685-45C5-A111-88FE4CDA1EB6}"
EndProject
Global
	GlobalSection(SolutionConfigurationPlatforms) = preSolution
		Debug|Any CPU = Debug|Any CPU
		Release|Any CPU = Release|Any CPU
	EndGlobalSection
	GlobalSection(ProjectConfigurationPlatforms) = postSolution
		{5BE43021-6685-45C5-A111-88FE4CDA1EB6}.Debug|Any CPU.ActiveCfg = Debug|Any CPU
		{5BE43021-6685-45C5-A111-88FE4CDA1EB6}.Debug|Any CPU.Build.0 = Debug|Any CPU
		{5BE43021-6685-45C5-A111-88FE4CDA1EB6}.Release|Any CPU.ActiveCfg = Release|Any CPU
		{5BE43021-6685-45C5-A111-88FE4CDA1EB6}.Release|Any CPU.Build.0 = Release|Any CPU
	EndGlobalSection
	GlobalSection(SolutionProperties) = preSolution
		HideSolutionNode = FALSE
	EndGlobalSection
	GlobalSection(ExtensibilityGlobals) = postSolution
		SolutionGuid = {EF24DFC2-2034-4A42-880C-B150496C0C5D}
	EndGlobalSection
EndGlobal
